
Microsoft Visual Studio Solution File, Format Version 12.00
# Visual Studio 14
VisualStudioVersion = 14.0.25420.1
MinimumVisualStudioVersion = 10.0.40219.1
Project("{FAE04EC0-301F-11D3-BF4B-00C04F79EFBC}") = "SimpleSmtp", "SimpleSmtp\SimpleSmtp.csproj", "{4AA5C578-F835-4E37-A393-8695E4800C6E}"
EndProject
Project("{FAE04EC0-301F-11D3-BF4B-00C04F79EFBC}") = "VirusScanService", "VirusScanService\VirusScanService.csproj", "{C9A04313-0221-41AB-A0F5-BB4689B77E0B}"
EndProject
Global
	GlobalSection(SolutionConfigurationPlatforms) = preSolution
		Debug|Any CPU = Debug|Any CPU
		Release|Any CPU = Release|Any CPU
	EndGlobalSection
	GlobalSection(ProjectConfigurationPlatforms) = postSolution
		{4AA5C578-F835-4E37-A393-8695E4800C6E}.Debug|Any CPU.ActiveCfg = Debug|Any CPU
		{4AA5C578-F835-4E37-A393-8695E4800C6E}.Debug|Any CPU.Build.0 = Debug|Any CPU
		{4AA5C578-F835-4E37-A393-8695E4800C6E}.Release|Any CPU.ActiveCfg = Release|Any CPU
		{4AA5C578-F835-4E37-A393-8695E4800C6E}.Release|Any CPU.Build.0 = Release|Any CPU
		{C9A04313-0221-41AB-A0F5-BB4689B77E0B}.Debug|Any CPU.ActiveCfg = Debug|Any CPU
		{C9A04313-0221-41AB-A0F5-BB4689B77E0B}.Debug|Any CPU.Build.0 = Debug|Any CPU
		{C9A04313-0221-41AB-A0F5-BB4689B77E0B}.Release|Any CPU.ActiveCfg = Release|Any CPU
		{C9A04313-0221-41AB-A0F5-BB4689B77E0B}.Release|Any CPU.Build.0 = Release|Any CPU
	EndGlobalSection
	GlobalSection(SolutionProperties) = preSolution
		HideSolutionNode = FALSE
	EndGlobalSection
	GlobalSection(TeamFoundationVersionControl) = preSolution
		SccNumberOfProjects = 3
		SccEnterpriseProvider = {4CA58AB2-18FA-4F8D-95D4-32DDF27D184C}
		SccTeamFoundationServer = https://bamcis.visualstudio.com/defaultcollection
		SccLocalPath0 = .
		SccProjectUniqueName1 = SimpleSmtp\\SimpleSmtp.csproj
		SccProjectName1 = SimpleSmtp
		SccLocalPath1 = SimpleSmtp
		SccProjectUniqueName2 = VirusScanService\\VirusScanService.csproj
		SccProjectName2 = VirusScanService
		SccLocalPath2 = VirusScanService
	EndGlobalSection
EndGlobal
